
Microsoft Visual Studio Solution File, Format Version 12.00
# Visual Studio 15
VisualStudioVersion = 15.0.27703.2026
MinimumVisualStudioVersion = 10.0.40219.1
Project("{FAE04EC0-301F-11D3-BF4B-00C04F79EFBC}") = "Main", "Main\Main.csproj", "{819F694F-1E35-4CEA-8FB5-44DFCD3E061F}"
EndProject
Project("{FAE04EC0-301F-11D3-BF4B-00C04F79EFBC}") = "ModuleInterface", "ModuleInterface\ModuleInterface.csproj", "{FE1C1D0C-B470-4F9A-B849-551144969AB3}"
EndProject
Project("{7CF6DF6D-3B04-46F8-A40B-537D21BCA0B4}") = "API_Readme", "API_Readme\API_Readme.shfbproj", "{F38A26D4-D2B2-43BA-A63C-809AB7B752DD}"
	ProjectSection(ProjectDependencies) = postProject
		{FE1C1D0C-B470-4F9A-B849-551144969AB3} = {FE1C1D0C-B470-4F9A-B849-551144969AB3}
	EndProjectSection
EndProject
Project("{FAE04EC0-301F-11D3-BF4B-00C04F79EFBC}") = "ModuleDocTree", "ModuleDocTree\ModuleDocTree.csproj", "{A1A7C25D-C801-458A-A2D5-3477F27E7B06}"
EndProject
Global
	GlobalSection(SolutionConfigurationPlatforms) = preSolution
		Debug|Any CPU = Debug|Any CPU
		Release|Any CPU = Release|Any CPU
	EndGlobalSection
	GlobalSection(ProjectConfigurationPlatforms) = postSolution
		{819F694F-1E35-4CEA-8FB5-44DFCD3E061F}.Debug|Any CPU.ActiveCfg = Debug|Any CPU
		{819F694F-1E35-4CEA-8FB5-44DFCD3E061F}.Debug|Any CPU.Build.0 = Debug|Any CPU
		{819F694F-1E35-4CEA-8FB5-44DFCD3E061F}.Release|Any CPU.ActiveCfg = Release|Any CPU
		{819F694F-1E35-4CEA-8FB5-44DFCD3E061F}.Release|Any CPU.Build.0 = Release|Any CPU
		{FE1C1D0C-B470-4F9A-B849-551144969AB3}.Debug|Any CPU.ActiveCfg = Debug|Any CPU
		{FE1C1D0C-B470-4F9A-B849-551144969AB3}.Debug|Any CPU.Build.0 = Debug|Any CPU
		{FE1C1D0C-B470-4F9A-B849-551144969AB3}.Release|Any CPU.ActiveCfg = Release|Any CPU
		{FE1C1D0C-B470-4F9A-B849-551144969AB3}.Release|Any CPU.Build.0 = Release|Any CPU
		{F38A26D4-D2B2-43BA-A63C-809AB7B752DD}.Debug|Any CPU.ActiveCfg = Debug|Any CPU
		{F38A26D4-D2B2-43BA-A63C-809AB7B752DD}.Release|Any CPU.ActiveCfg = Release|Any CPU
		{F38A26D4-D2B2-43BA-A63C-809AB7B752DD}.Release|Any CPU.Build.0 = Release|Any CPU
		{A1A7C25D-C801-458A-A2D5-3477F27E7B06}.Debug|Any CPU.ActiveCfg = Debug|Any CPU
		{A1A7C25D-C801-458A-A2D5-3477F27E7B06}.Debug|Any CPU.Build.0 = Debug|Any CPU
		{A1A7C25D-C801-458A-A2D5-3477F27E7B06}.Release|Any CPU.ActiveCfg = Release|Any CPU
		{A1A7C25D-C801-458A-A2D5-3477F27E7B06}.Release|Any CPU.Build.0 = Release|Any CPU
	EndGlobalSection
	GlobalSection(SolutionProperties) = preSolution
		HideSolutionNode = FALSE
	EndGlobalSection
	GlobalSection(ExtensibilityGlobals) = postSolution
		SolutionGuid = {8367690E-3F58-4F3F-AE11-59CF1890CF69}
	EndGlobalSection
EndGlobal
