
Microsoft Visual Studio Solution File, Format Version 12.00
# Visual Studio 15
VisualStudioVersion = 15.0.27703.2026
MinimumVisualStudioVersion = 10.0.40219.1
Project("{FAE04EC0-301F-11D3-BF4B-00C04F79EFBC}") = "Main", "Main\Main.csproj", "{819F694F-1E35-4CEA-8FB5-44DFCD3E061F}"
EndProject
Project("{2150E333-8FDC-42A3-9474-1A3956D46DE8}") = "Libraries", "Libraries", "{3AED7967-32C8-4D58-862B-221ADCF4F68C}"
EndProject
Project("{FAE04EC0-301F-11D3-BF4B-00C04F79EFBC}") = "ICSharpCode.TreeView", "Libraries\ICSharpCode.TreeView\ICSharpCode.TreeView.csproj", "{DDE2A481-8271-4EAC-A330-8FA6A38D13D1}"
EndProject
Project("{FAE04EC0-301F-11D3-BF4B-00C04F79EFBC}") = "Wpf.TabControl", "Libraries\TabControl\Wpf.TabControl.csproj", "{509D06BD-AEB6-4E92-8E5B-21188EBDBD9C}"
EndProject
Project("{FAE04EC0-301F-11D3-BF4B-00C04F79EFBC}") = "ModuleInterface", "ModuleInterface\ModuleInterface.csproj", "{FE1C1D0C-B470-4F9A-B849-551144969AB3}"
EndProject
Global
	GlobalSection(SolutionConfigurationPlatforms) = preSolution
		Debug|Any CPU = Debug|Any CPU
		Release|Any CPU = Release|Any CPU
	EndGlobalSection
	GlobalSection(ProjectConfigurationPlatforms) = postSolution
		{819F694F-1E35-4CEA-8FB5-44DFCD3E061F}.Debug|Any CPU.ActiveCfg = Debug|Any CPU
		{819F694F-1E35-4CEA-8FB5-44DFCD3E061F}.Debug|Any CPU.Build.0 = Debug|Any CPU
		{819F694F-1E35-4CEA-8FB5-44DFCD3E061F}.Release|Any CPU.ActiveCfg = Release|Any CPU
		{819F694F-1E35-4CEA-8FB5-44DFCD3E061F}.Release|Any CPU.Build.0 = Release|Any CPU
		{DDE2A481-8271-4EAC-A330-8FA6A38D13D1}.Debug|Any CPU.ActiveCfg = Debug|Any CPU
		{DDE2A481-8271-4EAC-A330-8FA6A38D13D1}.Debug|Any CPU.Build.0 = Debug|Any CPU
		{DDE2A481-8271-4EAC-A330-8FA6A38D13D1}.Release|Any CPU.ActiveCfg = Release|Any CPU
		{DDE2A481-8271-4EAC-A330-8FA6A38D13D1}.Release|Any CPU.Build.0 = Release|Any CPU
		{509D06BD-AEB6-4E92-8E5B-21188EBDBD9C}.Debug|Any CPU.ActiveCfg = Debug|Any CPU
		{509D06BD-AEB6-4E92-8E5B-21188EBDBD9C}.Debug|Any CPU.Build.0 = Debug|Any CPU
		{509D06BD-AEB6-4E92-8E5B-21188EBDBD9C}.Release|Any CPU.ActiveCfg = Release|Any CPU
		{509D06BD-AEB6-4E92-8E5B-21188EBDBD9C}.Release|Any CPU.Build.0 = Release|Any CPU
		{FE1C1D0C-B470-4F9A-B849-551144969AB3}.Debug|Any CPU.ActiveCfg = Debug|Any CPU
		{FE1C1D0C-B470-4F9A-B849-551144969AB3}.Debug|Any CPU.Build.0 = Debug|Any CPU
		{FE1C1D0C-B470-4F9A-B849-551144969AB3}.Release|Any CPU.ActiveCfg = Release|Any CPU
		{FE1C1D0C-B470-4F9A-B849-551144969AB3}.Release|Any CPU.Build.0 = Release|Any CPU
	EndGlobalSection
	GlobalSection(SolutionProperties) = preSolution
		HideSolutionNode = FALSE
	EndGlobalSection
	GlobalSection(NestedProjects) = preSolution
		{DDE2A481-8271-4EAC-A330-8FA6A38D13D1} = {3AED7967-32C8-4D58-862B-221ADCF4F68C}
		{509D06BD-AEB6-4E92-8E5B-21188EBDBD9C} = {3AED7967-32C8-4D58-862B-221ADCF4F68C}
	EndGlobalSection
	GlobalSection(ExtensibilityGlobals) = postSolution
		SolutionGuid = {8367690E-3F58-4F3F-AE11-59CF1890CF69}
	EndGlobalSection
EndGlobal
